
Microsoft Visual Studio Solution File, Format Version 11.00
# Visual Studio 2010
Project("{FAE04EC0-301F-11D3-BF4B-00C04F79EFBC}") = "Assembly-CSharp", "Assembly-CSharp.csproj", "{20b8ec79-190f-360b-ef58-7f37eac910c6}"
EndProject
Project("{FAE04EC0-301F-11D3-BF4B-00C04F79EFBC}") = "Assembly-CSharp-firstpass", "Assembly-CSharp-firstpass.csproj", "{f230aa90-a01d-47cb-e52a-4f196bae9564}"
EndProject
Global
	GlobalSection(SolutionConfigurationPlatforms) = preSolution
		Debug|Any CPU = Debug|Any CPU
		Release|Any CPU = Release|Any CPU
	EndGlobalSection
	GlobalSection(ProjectConfigurationPlatforms) = postSolution
		{20b8ec79-190f-360b-ef58-7f37eac910c6}.Debug|Any CPU.ActiveCfg = Debug|Any CPU
		{20b8ec79-190f-360b-ef58-7f37eac910c6}.Debug|Any CPU.Build.0 = Debug|Any CPU
		{20b8ec79-190f-360b-ef58-7f37eac910c6}.Release|Any CPU.ActiveCfg = Release|Any CPU
		{20b8ec79-190f-360b-ef58-7f37eac910c6}.Release|Any CPU.Build.0 = Release|Any CPU
		{f230aa90-a01d-47cb-e52a-4f196bae9564}.Debug|Any CPU.ActiveCfg = Debug|Any CPU
		{f230aa90-a01d-47cb-e52a-4f196bae9564}.Debug|Any CPU.Build.0 = Debug|Any CPU
		{f230aa90-a01d-47cb-e52a-4f196bae9564}.Release|Any CPU.ActiveCfg = Release|Any CPU
		{f230aa90-a01d-47cb-e52a-4f196bae9564}.Release|Any CPU.Build.0 = Release|Any CPU
	EndGlobalSection
	GlobalSection(SolutionProperties) = preSolution
		HideSolutionNode = FALSE
	EndGlobalSection
EndGlobal
